// !$*UTF8*$!
{
	archiveVersion = 1;
	classes = {
	};
	objectVersion = 54;
	objects = {

/* Begin PBXBuildFile section */
		01DF1EAE222FA09B438AA5D5 /* TabiTests.swift in Sources */ = {isa = PBXBuildFile; fileRef = B5BEE1B031C8F5D5E17C5A7E /* TabiTests.swift */; };
		0A3DBEC4C5A08BF31145EC77 /* Lottie in Frameworks */ = {isa = PBXBuildFile; productRef = EDC904A88B2A1412D8579DB8 /* Lottie */; };
		193EF5393580521E81C1EDFC /* TabiApp.swift in Sources */ = {isa = PBXBuildFile; fileRef = 801D07EF98473F5F23897B16 /* TabiApp.swift */; };
		1AC49BDA79D55B808C92260A /* Item.swift in Sources */ = {isa = PBXBuildFile; fileRef = 4E8AD1D678A45D43805145D6 /* Item.swift */; };
		2D9FE406346C389C7271B646 /* Assets.xcassets in Resources */ = {isa = PBXBuildFile; fileRef = 5E4CD9D7EE8A79D4F38A68F6 /* Assets.xcassets */; };
		3A6A1023FF48F7DFA5A00845 /* ContentView.swift in Sources */ = {isa = PBXBuildFile; fileRef = 709814A93EEA6A7C13BE91B0 /* ContentView.swift */; };
		7783C57744B2EF7B9A86C41B /* Preview Assets.xcassets in Resources */ = {isa = PBXBuildFile; fileRef = 6B18A5BBD5C20E7222311F7A /* Preview Assets.xcassets */; };
/* End PBXBuildFile section */

/* Begin PBXContainerItemProxy section */
		640F20A5168BC0F99EC05A57 /* PBXContainerItemProxy */ = {
			isa = PBXContainerItemProxy;
			containerPortal = 52D028A8C506DEC02ABD9944 /* Project object */;
			proxyType = 1;
			remoteGlobalIDString = 5A67DCF3DFD1D11ED7C2B34A;
			remoteInfo = Tabi;
		};
/* End PBXContainerItemProxy section */

/* Begin PBXFileReference section */
		4E8AD1D678A45D43805145D6 /* Item.swift */ = {isa = PBXFileReference; lastKnownFileType = sourcecode.swift; path = Item.swift; sourceTree = "<group>"; };
		4FE33B5E892F71915A68BF96 /* Tabi.app */ = {isa = PBXFileReference; includeInIndex = 0; lastKnownFileType = wrapper.application; path = Tabi.app; sourceTree = BUILT_PRODUCTS_DIR; };
		5E4CD9D7EE8A79D4F38A68F6 /* Assets.xcassets */ = {isa = PBXFileReference; lastKnownFileType = folder.assetcatalog; path = Assets.xcassets; sourceTree = "<group>"; };
		6B18A5BBD5C20E7222311F7A /* Preview Assets.xcassets */ = {isa = PBXFileReference; lastKnownFileType = folder.assetcatalog; path = "Preview Assets.xcassets"; sourceTree = "<group>"; };
		709814A93EEA6A7C13BE91B0 /* ContentView.swift */ = {isa = PBXFileReference; lastKnownFileType = sourcecode.swift; path = ContentView.swift; sourceTree = "<group>"; };
		801D07EF98473F5F23897B16 /* TabiApp.swift */ = {isa = PBXFileReference; lastKnownFileType = sourcecode.swift; path = TabiApp.swift; sourceTree = "<group>"; };
		B5BEE1B031C8F5D5E17C5A7E /* TabiTests.swift */ = {isa = PBXFileReference; lastKnownFileType = sourcecode.swift; path = TabiTests.swift; sourceTree = "<group>"; };
		BC09FFC9FBDA1E226A0F5A18 /* TabiTests.xctest */ = {isa = PBXFileReference; includeInIndex = 0; lastKnownFileType = wrapper.cfbundle; path = TabiTests.xctest; sourceTree = BUILT_PRODUCTS_DIR; };
/* End PBXFileReference section */

/* Begin PBXFrameworksBuildPhase section */
		1F9C179D80D2FF54D0E771FF /* Frameworks */ = {
			isa = PBXFrameworksBuildPhase;
			buildActionMask = 2147483647;
			files = (
				0A3DBEC4C5A08BF31145EC77 /* Lottie in Frameworks */,
			);
			runOnlyForDeploymentPostprocessing = 0;
		};
/* End PBXFrameworksBuildPhase section */

/* Begin PBXGroup section */
		5424B800A2A07AE6A15719E2 /* Preview Content */ = {
			isa = PBXGroup;
			children = (
				6B18A5BBD5C20E7222311F7A /* Preview Assets.xcassets */,
			);
			path = "Preview Content";
			sourceTree = "<group>";
		};
		818040B7E932E8BD5D516532 /* TabiTests */ = {
			isa = PBXGroup;
			children = (
				B5BEE1B031C8F5D5E17C5A7E /* TabiTests.swift */,
			);
			path = TabiTests;
			sourceTree = "<group>";
		};
		944D05FE8C3D4B109137931A /* Tabi */ = {
			isa = PBXGroup;
			children = (
				5E4CD9D7EE8A79D4F38A68F6 /* Assets.xcassets */,
				709814A93EEA6A7C13BE91B0 /* ContentView.swift */,
				4E8AD1D678A45D43805145D6 /* Item.swift */,
				801D07EF98473F5F23897B16 /* TabiApp.swift */,
				5424B800A2A07AE6A15719E2 /* Preview Content */,
			);
			path = Tabi;
			sourceTree = "<group>";
		};
		9D4C4541308E8004E8E6CEE9 = {
			isa = PBXGroup;
			children = (
				944D05FE8C3D4B109137931A /* Tabi */,
				818040B7E932E8BD5D516532 /* TabiTests */,
				D972AE8B5ABAE8042C9E2B62 /* Products */,
			);
			sourceTree = "<group>";
		};
		D972AE8B5ABAE8042C9E2B62 /* Products */ = {
			isa = PBXGroup;
			children = (
				4FE33B5E892F71915A68BF96 /* Tabi.app */,
				BC09FFC9FBDA1E226A0F5A18 /* TabiTests.xctest */,
			);
			name = Products;
			sourceTree = "<group>";
		};
/* End PBXGroup section */

/* Begin PBXNativeTarget section */
		5A67DCF3DFD1D11ED7C2B34A /* Tabi */ = {
			isa = PBXNativeTarget;
			buildConfigurationList = 1E0623C6C6C35A1790F2ECE3 /* Build configuration list for PBXNativeTarget "Tabi" */;
			buildPhases = (
				0379EBB8B91D77E212EDD430 /* Sources */,
				5952B21ECEB082EFDEEDEAA0 /* Resources */,
				1F9C179D80D2FF54D0E771FF /* Frameworks */,
			);
			buildRules = (
			);
			dependencies = (
			);
			name = Tabi;
			packageProductDependencies = (
				EDC904A88B2A1412D8579DB8 /* Lottie */,
			);
			productName = Tabi;
			productReference = 4FE33B5E892F71915A68BF96 /* Tabi.app */;
			productType = "com.apple.product-type.application";
		};
		E5183593BC9BD3D77CCAA337 /* TabiTests */ = {
			isa = PBXNativeTarget;
			buildConfigurationList = 4602C73F808BE99E5F3C63B4 /* Build configuration list for PBXNativeTarget "TabiTests" */;
			buildPhases = (
				7B5CEF6ACBBF68D21EB140D1 /* Sources */,
			);
			buildRules = (
			);
			dependencies = (
				E5A9A1FB433DE1BB39DB350D /* PBXTargetDependency */,
			);
			name = TabiTests;
			productName = TabiTests;
			productReference = BC09FFC9FBDA1E226A0F5A18 /* TabiTests.xctest */;
			productType = "com.apple.product-type.bundle.unit-test";
		};
/* End PBXNativeTarget section */

/* Begin PBXProject section */
		52D028A8C506DEC02ABD9944 /* Project object */ = {
			isa = PBXProject;
			attributes = {
				BuildIndependentTargetsInParallel = YES;
				LastUpgradeCheck = 1430;
				TargetAttributes = {
				};
			};
			buildConfigurationList = A9A1B625C62636936B559B9D /* Build configuration list for PBXProject "Tabi" */;
			compatibilityVersion = "Xcode 14.0";
			developmentRegion = en;
			hasScannedForEncodings = 0;
			knownRegions = (
				Base,
				en,
			);
			mainGroup = 9D4C4541308E8004E8E6CEE9;
			packageReferences = (
				66E4A142E32CB623043F99B6 /* XCRemoteSwiftPackageReference "lottie-spm" */,
			);
			projectDirPath = "";
			projectRoot = "";
			targets = (
				5A67DCF3DFD1D11ED7C2B34A /* Tabi */,
				E5183593BC9BD3D77CCAA337 /* TabiTests */,
			);
		};
/* End PBXProject section */

/* Begin PBXResourcesBuildPhase section */
		5952B21ECEB082EFDEEDEAA0 /* Resources */ = {
			isa = PBXResourcesBuildPhase;
			buildActionMask = 2147483647;
			files = (
				2D9FE406346C389C7271B646 /* Assets.xcassets in Resources */,
				7783C57744B2EF7B9A86C41B /* Preview Assets.xcassets in Resources */,
			);
			runOnlyForDeploymentPostprocessing = 0;
		};
/* End PBXResourcesBuildPhase section */

/* Begin PBXSourcesBuildPhase section */
		0379EBB8B91D77E212EDD430 /* Sources */ = {
			isa = PBXSourcesBuildPhase;
			buildActionMask = 2147483647;
			files = (
				3A6A1023FF48F7DFA5A00845 /* ContentView.swift in Sources */,
				1AC49BDA79D55B808C92260A /* Item.swift in Sources */,
				193EF5393580521E81C1EDFC /* TabiApp.swift in Sources */,
			);
			runOnlyForDeploymentPostprocessing = 0;
		};
		7B5CEF6ACBBF68D21EB140D1 /* Sources */ = {
			isa = PBXSourcesBuildPhase;
			buildActionMask = 2147483647;
			files = (
				01DF1EAE222FA09B438AA5D5 /* TabiTests.swift in Sources */,
			);
			runOnlyForDeploymentPostprocessing = 0;
		};
/* End PBXSourcesBuildPhase section */

/* Begin PBXTargetDependency section */
		E5A9A1FB433DE1BB39DB350D /* PBXTargetDependency */ = {
			isa = PBXTargetDependency;
			target = 5A67DCF3DFD1D11ED7C2B34A /* Tabi */;
			targetProxy = 640F20A5168BC0F99EC05A57 /* PBXContainerItemProxy */;
		};
/* End PBXTargetDependency section */

/* Begin XCBuildConfiguration section */
		5026C23FB35B1CEA64ECC8FF /* Debug */ = {
			isa = XCBuildConfiguration;
			buildSettings = {
				BUNDLE_LOADER = "$(TEST_HOST)";
				LD_RUNPATH_SEARCH_PATHS = (
					"$(inherited)",
					"@executable_path/Frameworks",
					"@loader_path/Frameworks",
				);
				PRODUCT_BUNDLE_IDENTIFIER = com.example.TabiTests;
				SDKROOT = iphoneos;
				TARGETED_DEVICE_FAMILY = "1,2";
				TEST_HOST = "$(BUILT_PRODUCTS_DIR)/Tabi.app/Tabi";
			};
			name = Debug;
		};
		623DACA43E50435AB5D52761 /* Release */ = {
			isa = XCBuildConfiguration;
			buildSettings = {
				BUNDLE_LOADER = "$(TEST_HOST)";
				LD_RUNPATH_SEARCH_PATHS = (
					"$(inherited)",
					"@executable_path/Frameworks",
					"@loader_path/Frameworks",
				);
				PRODUCT_BUNDLE_IDENTIFIER = com.example.TabiTests;
				SDKROOT = iphoneos;
				TARGETED_DEVICE_FAMILY = "1,2";
				TEST_HOST = "$(BUILT_PRODUCTS_DIR)/Tabi.app/Tabi";
			};
			name = Release;
		};
		90085BB6F6B31AC7478384E6 /* Release */ = {
			isa = XCBuildConfiguration;
			buildSettings = {
				ALWAYS_SEARCH_USER_PATHS = NO;
				CLANG_ANALYZER_NONNULL = YES;
				CLANG_ANALYZER_NUMBER_OBJECT_CONVERSION = YES_AGGRESSIVE;
				CLANG_CXX_LANGUAGE_STANDARD = "gnu++14";
				CLANG_CXX_LIBRARY = "libc++";
				CLANG_ENABLE_MODULES = YES;
				CLANG_ENABLE_OBJC_ARC = YES;
				CLANG_ENABLE_OBJC_WEAK = YES;
				CLANG_WARN_BLOCK_CAPTURE_AUTORELEASING = YES;
				CLANG_WARN_BOOL_CONVERSION = YES;
				CLANG_WARN_COMMA = YES;
				CLANG_WARN_CONSTANT_CONVERSION = YES;
				CLANG_WARN_DEPRECATED_OBJC_IMPLEMENTATIONS = YES;
				CLANG_WARN_DIRECT_OBJC_ISA_USAGE = YES_ERROR;
				CLANG_WARN_DOCUMENTATION_COMMENTS = YES;
				CLANG_WARN_EMPTY_BODY = YES;
				CLANG_WARN_ENUM_CONVERSION = YES;
				CLANG_WARN_INFINITE_RECURSION = YES;
				CLANG_WARN_INT_CONVERSION = YES;
				CLANG_WARN_NON_LITERAL_NULL_CONVERSION = YES;
				CLANG_WARN_OBJC_IMPLICIT_RETAIN_SELF = YES;
				CLANG_WARN_OBJC_LITERAL_CONVERSION = YES;
				CLANG_WARN_OBJC_ROOT_CLASS = YES_ERROR;
				CLANG_WARN_QUOTED_INCLUDE_IN_FRAMEWORK_HEADER = YES;
				CLANG_WARN_RANGE_LOOP_ANALYSIS = YES;
				CLANG_WARN_STRICT_PROTOTYPES = YES;
				CLANG_WARN_SUSPICIOUS_MOVE = YES;
				CLANG_WARN_UNGUARDED_AVAILABILITY = YES_AGGRESSIVE;
				CLANG_WARN_UNREACHABLE_CODE = YES;
				CLANG_WARN__DUPLICATE_METHOD_MATCH = YES;
				COPY_PHASE_STRIP = NO;
				CURRENT_PROJECT_VERSION = 1;
				DEBUG_INFORMATION_FORMAT = "dwarf-with-dsym";
				ENABLE_NS_ASSERTIONS = NO;
				ENABLE_STRICT_OBJC_MSGSEND = YES;
				GCC_C_LANGUAGE_STANDARD = gnu11;
				GCC_NO_COMMON_BLOCKS = YES;
				GCC_WARN_64_TO_32_BIT_CONVERSION = YES;
				GCC_WARN_ABOUT_RETURN_TYPE = YES_ERROR;
				GCC_WARN_UNDECLARED_SELECTOR = YES;
				GCC_WARN_UNINITIALIZED_AUTOS = YES_AGGRESSIVE;
				GCC_WARN_UNUSED_FUNCTION = YES;
				GCC_WARN_UNUSED_VARIABLE = YES;
				MARKETING_VERSION = 1.0;
				MTL_ENABLE_DEBUG_INFO = NO;
				MTL_FAST_MATH = YES;
				PRODUCT_NAME = "$(TARGET_NAME)";
				SDKROOT = iphoneos;
				SWIFT_COMPILATION_MODE = wholemodule;
				SWIFT_OPTIMIZATION_LEVEL = "-O";
				SWIFT_VERSION = 5.0;
			};
			name = Release;
		};
		98E058A4934B885B37BE1733 /* Debug */ = {
			isa = XCBuildConfiguration;
			buildSettings = {
				ALWAYS_SEARCH_USER_PATHS = NO;
				CLANG_ANALYZER_NONNULL = YES;
				CLANG_ANALYZER_NUMBER_OBJECT_CONVERSION = YES_AGGRESSIVE;
				CLANG_CXX_LANGUAGE_STANDARD = "gnu++14";
				CLANG_CXX_LIBRARY = "libc++";
				CLANG_ENABLE_MODULES = YES;
				CLANG_ENABLE_OBJC_ARC = YES;
				CLANG_ENABLE_OBJC_WEAK = YES;
				CLANG_WARN_BLOCK_CAPTURE_AUTORELEASING = YES;
				CLANG_WARN_BOOL_CONVERSION = YES;
				CLANG_WARN_COMMA = YES;
				CLANG_WARN_CONSTANT_CONVERSION = YES;
				CLANG_WARN_DEPRECATED_OBJC_IMPLEMENTATIONS = YES;
				CLANG_WARN_DIRECT_OBJC_ISA_USAGE = YES_ERROR;
				CLANG_WARN_DOCUMENTATION_COMMENTS = YES;
				CLANG_WARN_EMPTY_BODY = YES;
				CLANG_WARN_ENUM_CONVERSION = YES;
				CLANG_WARN_INFINITE_RECURSION = YES;
				CLANG_WARN_INT_CONVERSION = YES;
				CLANG_WARN_NON_LITERAL_NULL_CONVERSION = YES;
				CLANG_WARN_OBJC_IMPLICIT_RETAIN_SELF = YES;
				CLANG_WARN_OBJC_LITERAL_CONVERSION = YES;
				CLANG_WARN_OBJC_ROOT_CLASS = YES_ERROR;
				CLANG_WARN_QUOTED_INCLUDE_IN_FRAMEWORK_HEADER = YES;
				CLANG_WARN_RANGE_LOOP_ANALYSIS = YES;
				CLANG_WARN_STRICT_PROTOTYPES = YES;
				CLANG_WARN_SUSPICIOUS_MOVE = YES;
				CLANG_WARN_UNGUARDED_AVAILABILITY = YES_AGGRESSIVE;
				CLANG_WARN_UNREACHABLE_CODE = YES;
				CLANG_WARN__DUPLICATE_METHOD_MATCH = YES;
				COPY_PHASE_STRIP = NO;
				CURRENT_PROJECT_VERSION = 1;
				DEBUG_INFORMATION_FORMAT = dwarf;
				ENABLE_STRICT_OBJC_MSGSEND = YES;
				ENABLE_TESTABILITY = YES;
				GCC_C_LANGUAGE_STANDARD = gnu11;
				GCC_DYNAMIC_NO_PIC = NO;
				GCC_NO_COMMON_BLOCKS = YES;
				GCC_OPTIMIZATION_LEVEL = 0;
				GCC_PREPROCESSOR_DEFINITIONS = (
					"$(inherited)",
					"DEBUG=1",
				);
				GCC_WARN_64_TO_32_BIT_CONVERSION = YES;
				GCC_WARN_ABOUT_RETURN_TYPE = YES_ERROR;
				GCC_WARN_UNDECLARED_SELECTOR = YES;
				GCC_WARN_UNINITIALIZED_AUTOS = YES_AGGRESSIVE;
				GCC_WARN_UNUSED_FUNCTION = YES;
				GCC_WARN_UNUSED_VARIABLE = YES;
				MARKETING_VERSION = 1.0;
				MTL_ENABLE_DEBUG_INFO = INCLUDE_SOURCE;
				MTL_FAST_MATH = YES;
				ONLY_ACTIVE_ARCH = YES;
				PRODUCT_NAME = "$(TARGET_NAME)";
				SDKROOT = iphoneos;
				SWIFT_ACTIVE_COMPILATION_CONDITIONS = DEBUG;
				SWIFT_OPTIMIZATION_LEVEL = "-Onone";
				SWIFT_VERSION = 5.0;
			};
			name = Debug;
		};
		BB6BD295DA625EE6EE640C04 /* Debug */ = {
			isa = XCBuildConfiguration;
			buildSettings = {
				ASSETCATALOG_COMPILER_APPICON_NAME = AppIcon;
				CODE_SIGN_IDENTITY = "iPhone Developer";
				INFOPLIST_FILE = Tabi/Info.plist;
				LD_RUNPATH_SEARCH_PATHS = (
					"$(inherited)",
					"@executable_path/Frameworks",
				);
				PRODUCT_BUNDLE_IDENTIFIER = com.sora.Tabi;
				SDKROOT = iphoneos;
				TARGETED_DEVICE_FAMILY = "1,2";
			};
			name = Debug;
		};
		FC15013AEC2C0BEA74BD3103 /* Release */ = {
			isa = XCBuildConfiguration;
			buildSettings = {
				ASSETCATALOG_COMPILER_APPICON_NAME = AppIcon;
				CODE_SIGN_IDENTITY = "iPhone Developer";
				INFOPLIST_FILE = Tabi/Info.plist;
				LD_RUNPATH_SEARCH_PATHS = (
					"$(inherited)",
					"@executable_path/Frameworks",
				);
				PRODUCT_BUNDLE_IDENTIFIER = com.sora.Tabi;
				SDKROOT = iphoneos;
				TARGETED_DEVICE_FAMILY = "1,2";
			};
			name = Release;
		};
/* End XCBuildConfiguration section */

/* Begin XCConfigurationList section */
		1E0623C6C6C35A1790F2ECE3 /* Build configuration list for PBXNativeTarget "Tabi" */ = {
			isa = XCConfigurationList;
			buildConfigurations = (
				BB6BD295DA625EE6EE640C04 /* Debug */,
				FC15013AEC2C0BEA74BD3103 /* Release */,
			);
			defaultConfigurationIsVisible = 0;
			defaultConfigurationName = Debug;
		};
		4602C73F808BE99E5F3C63B4 /* Build configuration list for PBXNativeTarget "TabiTests" */ = {
			isa = XCConfigurationList;
			buildConfigurations = (
				5026C23FB35B1CEA64ECC8FF /* Debug */,
				623DACA43E50435AB5D52761 /* Release */,
			);
			defaultConfigurationIsVisible = 0;
			defaultConfigurationName = Debug;
		};
		A9A1B625C62636936B559B9D /* Build configuration list for PBXProject "Tabi" */ = {
			isa = XCConfigurationList;
			buildConfigurations = (
				98E058A4934B885B37BE1733 /* Debug */,
				90085BB6F6B31AC7478384E6 /* Release */,
			);
			defaultConfigurationIsVisible = 0;
			defaultConfigurationName = Debug;
		};
/* End XCConfigurationList section */

/* Begin XCRemoteSwiftPackageReference section */
		66E4A142E32CB623043F99B6 /* XCRemoteSwiftPackageReference "lottie-spm" */ = {
			isa = XCRemoteSwiftPackageReference;
			repositoryURL = "https://github.com/airbnb/lottie-spm.git";
			requirement = {
				kind = upToNextMinorVersion;
				minimumVersion = 4.5.0;
			};
		};
/* End XCRemoteSwiftPackageReference section */

/* Begin XCSwiftPackageProductDependency section */
		EDC904A88B2A1412D8579DB8 /* Lottie */ = {
			isa = XCSwiftPackageProductDependency;
			package = 66E4A142E32CB623043F99B6 /* XCRemoteSwiftPackageReference "lottie-spm" */;
			productName = Lottie;
		};
/* End XCSwiftPackageProductDependency section */
	};
	rootObject = 52D028A8C506DEC02ABD9944 /* Project object */;
}
